Microsoft Visual Studio Solution File, Format Version 12.00
# Visual Studio Version 16
VisualStudioVersion = 16.0.30404.54
MinimumVisualStudioVersion = 10.0.40219.1
Project("{9A19103F-16F7-4668-BE54-9A1E7A4F7556}") = "ConfTool.Server", "Server\ConfTool.Server.csproj", "{9624C41A-6C74-49A8-99D1-33B5731A7DB5}"
EndProject
Project("{9A19103F-16F7-4668-BE54-9A1E7A4F7556}") = "ConfTool.Client", "Client\ConfTool.Client.csproj", "{CC1FDE90-34E4-4DDF-95BB-2075B5398E4C}"
EndProject
Project("{9A19103F-16F7-4668-BE54-9A1E7A4F7556}") = "ConfTool.Shared", "Shared\ConfTool.Shared.csproj", "{FD6E53A5-4802-499A-9DE9-1147761C8379}"
EndProject
Project("{9A19103F-16F7-4668-BE54-9A1E7A4F7556}") = "ConfTool.Tools", "Tools\ConfTool.Tools.csproj", "{290B3E4F-A2D8-4BED-BBDC-64E54CB39E88}"
EndProject
Project("{9A19103F-16F7-4668-BE54-9A1E7A4F7556}") = "ConfTool.Tests", "Tests\ConfTool.Tests.csproj", "{8F8D3C41-8EE3-4984-8D31-48441F1EBC84}"
EndProject
Project("{9A19103F-16F7-4668-BE54-9A1E7A4F7556}") = "ConfTool.ClientModules.Conferences", "ConfTool.Modules.Conferences\ConfTool.ClientModules.Conferences.csproj", "{3EFBE954-D570-46D9-9AFA-7BEA9F080868}"
EndProject
Project("{9A19103F-16F7-4668-BE54-9A1E7A4F7556}") = "ConfTool.ClientModules.Statistics", "ConfTool.Modules.Statistics\ConfTool.ClientModules.Statistics.csproj", "{09C9A5AC-6612-4E3E-95C0-F8792814A18F}"
EndProject
Global
	GlobalSection(SolutionConfigurationPlatforms) = preSolution
		Debug|Any CPU = Debug|Any CPU
		Release|Any CPU = Release|Any CPU
	EndGlobalSection
	GlobalSection(ProjectConfigurationPlatforms) = postSolution
		{9624C41A-6C74-49A8-99D1-33B5731A7DB5}.Debug|Any CPU.ActiveCfg = Debug|Any CPU
		{9624C41A-6C74-49A8-99D1-33B5731A7DB5}.Debug|Any CPU.Build.0 = Debug|Any CPU
		{9624C41A-6C74-49A8-99D1-33B5731A7DB5}.Release|Any CPU.ActiveCfg = Release|Any CPU
		{9624C41A-6C74-49A8-99D1-33B5731A7DB5}.Release|Any CPU.Build.0 = Release|Any CPU
		{CC1FDE90-34E4-4DDF-95BB-2075B5398E4C}.Debug|Any CPU.ActiveCfg = Debug|Any CPU
		{CC1FDE90-34E4-4DDF-95BB-2075B5398E4C}.Debug|Any CPU.Build.0 = Debug|Any CPU
		{CC1FDE90-34E4-4DDF-95BB-2075B5398E4C}.Release|Any CPU.ActiveCfg = Release|Any CPU
		{CC1FDE90-34E4-4DDF-95BB-2075B5398E4C}.Release|Any CPU.Build.0 = Release|Any CPU
		{FD6E53A5-4802-499A-9DE9-1147761C8379}.Debug|Any CPU.ActiveCfg = Debug|Any CPU
		{FD6E53A5-4802-499A-9DE9-1147761C8379}.Debug|Any CPU.Build.0 = Debug|Any CPU
		{FD6E53A5-4802-499A-9DE9-1147761C8379}.Release|Any CPU.ActiveCfg = Release|Any CPU
		{FD6E53A5-4802-499A-9DE9-1147761C8379}.Release|Any CPU.Build.0 = Release|Any CPU
		{290B3E4F-A2D8-4BED-BBDC-64E54CB39E88}.Debug|Any CPU.ActiveCfg = Debug|Any CPU
		{290B3E4F-A2D8-4BED-BBDC-64E54CB39E88}.Debug|Any CPU.Build.0 = Debug|Any CPU
		{290B3E4F-A2D8-4BED-BBDC-64E54CB39E88}.Release|Any CPU.ActiveCfg = Release|Any CPU
		{290B3E4F-A2D8-4BED-BBDC-64E54CB39E88}.Release|Any CPU.Build.0 = Release|Any CPU
		{8F8D3C41-8EE3-4984-8D31-48441F1EBC84}.Debug|Any CPU.ActiveCfg = Debug|Any CPU
		{8F8D3C41-8EE3-4984-8D31-48441F1EBC84}.Debug|Any CPU.Build.0 = Debug|Any CPU
		{8F8D3C41-8EE3-4984-8D31-48441F1EBC84}.Release|Any CPU.ActiveCfg = Release|Any CPU
		{8F8D3C41-8EE3-4984-8D31-48441F1EBC84}.Release|Any CPU.Build.0 = Release|Any CPU
		{3EFBE954-D570-46D9-9AFA-7BEA9F080868}.Debug|Any CPU.ActiveCfg = Debug|Any CPU
		{3EFBE954-D570-46D9-9AFA-7BEA9F080868}.Debug|Any CPU.Build.0 = Debug|Any CPU
		{3EFBE954-D570-46D9-9AFA-7BEA9F080868}.Release|Any CPU.ActiveCfg = Release|Any CPU
		{3EFBE954-D570-46D9-9AFA-7BEA9F080868}.Release|Any CPU.Build.0 = Release|Any CPU
		{09C9A5AC-6612-4E3E-95C0-F8792814A18F}.Debug|Any CPU.ActiveCfg = Debug|Any CPU
		{09C9A5AC-6612-4E3E-95C0-F8792814A18F}.Debug|Any CPU.Build.0 = Debug|Any CPU
		{09C9A5AC-6612-4E3E-95C0-F8792814A18F}.Release|Any CPU.ActiveCfg = Release|Any CPU
		{09C9A5AC-6612-4E3E-95C0-F8792814A18F}.Release|Any CPU.Build.0 = Release|Any CPU
	EndGlobalSection
	GlobalSection(SolutionProperties) = preSolution
		HideSolutionNode = FALSE
	EndGlobalSection
	GlobalSection(ExtensibilityGlobals) = postSolution
		SolutionGuid = {531F2877-5D2E-4068-A0FA-3D850708F70C}
	EndGlobalSection
EndGlobal
